
Microsoft Visual Studio Solution File, Format Version 12.00
# Visual Studio Version 16
VisualStudioVersion = 16.0.29025.244
MinimumVisualStudioVersion = 10.0.40219.1
Project("{F184B08F-C81C-45F6-A57F-5ABD9991F28F}") = "SapAccExcelAddin", "SapAccExcelAddin\SapAccExcelAddin.vbproj", "{91F69465-4361-495F-8E86-F96FFAB7D263}"
EndProject
Project("{9A19103F-16F7-4668-BE54-9A1E7A4F7556}") = "SAPCommon", "..\SAPCommon\SAPCommon.csproj", "{815BA220-0AE7-4347-9EC3-1F1CE586ADC0}"
EndProject
Project("{778DAE3C-4631-46EA-AA77-85C1314464D9}") = "SAPLogon", "..\SapLogon\SAPLogon.vbproj", "{34677221-32E0-4877-BFC9-A4D0AFA98B3B}"
EndProject
Global
	GlobalSection(SolutionConfigurationPlatforms) = preSolution
		CD_ROM|Any CPU = CD_ROM|Any CPU
		CD_ROM|x64 = CD_ROM|x64
		CD_ROM|x86 = CD_ROM|x86
		Debug|Any CPU = Debug|Any CPU
		Debug|x64 = Debug|x64
		Debug|x86 = Debug|x86
		DVD-5|Any CPU = DVD-5|Any CPU
		DVD-5|x64 = DVD-5|x64
		DVD-5|x86 = DVD-5|x86
		Release|Any CPU = Release|Any CPU
		Release|x64 = Release|x64
		Release|x86 = Release|x86
		SingleImage|Any CPU = SingleImage|Any CPU
		SingleImage|x64 = SingleImage|x64
		SingleImage|x86 = SingleImage|x86
	EndGlobalSection
	GlobalSection(ProjectConfigurationPlatforms) = postSolution
		{91F69465-4361-495F-8E86-F96FFAB7D263}.CD_ROM|Any CPU.ActiveCfg = Release|Any CPU
		{91F69465-4361-495F-8E86-F96FFAB7D263}.CD_ROM|Any CPU.Build.0 = Release|Any CPU
		{91F69465-4361-495F-8E86-F96FFAB7D263}.CD_ROM|x64.ActiveCfg = Release|x64
		{91F69465-4361-495F-8E86-F96FFAB7D263}.CD_ROM|x64.Build.0 = Release|x64
		{91F69465-4361-495F-8E86-F96FFAB7D263}.CD_ROM|x86.ActiveCfg = Debug|x86
		{91F69465-4361-495F-8E86-F96FFAB7D263}.CD_ROM|x86.Build.0 = Debug|x86
		{91F69465-4361-495F-8E86-F96FFAB7D263}.Debug|Any CPU.ActiveCfg = Debug|Any CPU
		{91F69465-4361-495F-8E86-F96FFAB7D263}.Debug|Any CPU.Build.0 = Debug|Any CPU
		{91F69465-4361-495F-8E86-F96FFAB7D263}.Debug|x64.ActiveCfg = Debug|x64
		{91F69465-4361-495F-8E86-F96FFAB7D263}.Debug|x64.Build.0 = Debug|x64
		{91F69465-4361-495F-8E86-F96FFAB7D263}.Debug|x86.ActiveCfg = Debug|x86
		{91F69465-4361-495F-8E86-F96FFAB7D263}.Debug|x86.Build.0 = Debug|x86
		{91F69465-4361-495F-8E86-F96FFAB7D263}.DVD-5|Any CPU.ActiveCfg = Debug|Any CPU
		{91F69465-4361-495F-8E86-F96FFAB7D263}.DVD-5|Any CPU.Build.0 = Debug|Any CPU
		{91F69465-4361-495F-8E86-F96FFAB7D263}.DVD-5|x64.ActiveCfg = Debug|x64
		{91F69465-4361-495F-8E86-F96FFAB7D263}.DVD-5|x64.Build.0 = Debug|x64
		{91F69465-4361-495F-8E86-F96FFAB7D263}.DVD-5|x86.ActiveCfg = Debug|x86
		{91F69465-4361-495F-8E86-F96FFAB7D263}.DVD-5|x86.Build.0 = Debug|x86
		{91F69465-4361-495F-8E86-F96FFAB7D263}.Release|Any CPU.ActiveCfg = Release|Any CPU
		{91F69465-4361-495F-8E86-F96FFAB7D263}.Release|Any CPU.Build.0 = Release|Any CPU
		{91F69465-4361-495F-8E86-F96FFAB7D263}.Release|x64.ActiveCfg = Release|x64
		{91F69465-4361-495F-8E86-F96FFAB7D263}.Release|x64.Build.0 = Release|x64
		{91F69465-4361-495F-8E86-F96FFAB7D263}.Release|x86.ActiveCfg = Release|x86
		{91F69465-4361-495F-8E86-F96FFAB7D263}.Release|x86.Build.0 = Release|x86
		{91F69465-4361-495F-8E86-F96FFAB7D263}.SingleImage|Any CPU.ActiveCfg = Release|Any CPU
		{91F69465-4361-495F-8E86-F96FFAB7D263}.SingleImage|Any CPU.Build.0 = Release|Any CPU
		{91F69465-4361-495F-8E86-F96FFAB7D263}.SingleImage|x64.ActiveCfg = Release|x64
		{91F69465-4361-495F-8E86-F96FFAB7D263}.SingleImage|x64.Build.0 = Release|x64
		{91F69465-4361-495F-8E86-F96FFAB7D263}.SingleImage|x86.ActiveCfg = Debug|x86
		{91F69465-4361-495F-8E86-F96FFAB7D263}.SingleImage|x86.Build.0 = Debug|x86
		{815BA220-0AE7-4347-9EC3-1F1CE586ADC0}.CD_ROM|Any CPU.ActiveCfg = Debug|Any CPU
		{815BA220-0AE7-4347-9EC3-1F1CE586ADC0}.CD_ROM|Any CPU.Build.0 = Debug|Any CPU
		{815BA220-0AE7-4347-9EC3-1F1CE586ADC0}.CD_ROM|x64.ActiveCfg = Release|x64
		{815BA220-0AE7-4347-9EC3-1F1CE586ADC0}.CD_ROM|x64.Build.0 = Release|x64
		{815BA220-0AE7-4347-9EC3-1F1CE586ADC0}.CD_ROM|x86.ActiveCfg = Release|x86
		{815BA220-0AE7-4347-9EC3-1F1CE586ADC0}.CD_ROM|x86.Build.0 = Release|x86
		{815BA220-0AE7-4347-9EC3-1F1CE586ADC0}.Debug|Any CPU.ActiveCfg = Debug|Any CPU
		{815BA220-0AE7-4347-9EC3-1F1CE586ADC0}.Debug|Any CPU.Build.0 = Debug|Any CPU
		{815BA220-0AE7-4347-9EC3-1F1CE586ADC0}.Debug|x64.ActiveCfg = Debug|x64
		{815BA220-0AE7-4347-9EC3-1F1CE586ADC0}.Debug|x64.Build.0 = Debug|x64
		{815BA220-0AE7-4347-9EC3-1F1CE586ADC0}.Debug|x86.ActiveCfg = Debug|x86
		{815BA220-0AE7-4347-9EC3-1F1CE586ADC0}.Debug|x86.Build.0 = Debug|x86
		{815BA220-0AE7-4347-9EC3-1F1CE586ADC0}.DVD-5|Any CPU.ActiveCfg = Debug|Any CPU
		{815BA220-0AE7-4347-9EC3-1F1CE586ADC0}.DVD-5|Any CPU.Build.0 = Debug|Any CPU
		{815BA220-0AE7-4347-9EC3-1F1CE586ADC0}.DVD-5|x64.ActiveCfg = Debug|x64
		{815BA220-0AE7-4347-9EC3-1F1CE586ADC0}.DVD-5|x64.Build.0 = Debug|x64
		{815BA220-0AE7-4347-9EC3-1F1CE586ADC0}.DVD-5|x86.ActiveCfg = Debug|x86
		{815BA220-0AE7-4347-9EC3-1F1CE586ADC0}.DVD-5|x86.Build.0 = Debug|x86
		{815BA220-0AE7-4347-9EC3-1F1CE586ADC0}.Release|Any CPU.ActiveCfg = Release|Any CPU
		{815BA220-0AE7-4347-9EC3-1F1CE586ADC0}.Release|Any CPU.Build.0 = Release|Any CPU
		{815BA220-0AE7-4347-9EC3-1F1CE586ADC0}.Release|x64.ActiveCfg = Release|x64
		{815BA220-0AE7-4347-9EC3-1F1CE586ADC0}.Release|x64.Build.0 = Release|x64
		{815BA220-0AE7-4347-9EC3-1F1CE586ADC0}.Release|x86.ActiveCfg = Release|x86
		{815BA220-0AE7-4347-9EC3-1F1CE586ADC0}.Release|x86.Build.0 = Release|x86
		{815BA220-0AE7-4347-9EC3-1F1CE586ADC0}.SingleImage|Any CPU.ActiveCfg = Debug|Any CPU
		{815BA220-0AE7-4347-9EC3-1F1CE586ADC0}.SingleImage|Any CPU.Build.0 = Debug|Any CPU
		{815BA220-0AE7-4347-9EC3-1F1CE586ADC0}.SingleImage|x64.ActiveCfg = Release|x64
		{815BA220-0AE7-4347-9EC3-1F1CE586ADC0}.SingleImage|x64.Build.0 = Release|x64
		{815BA220-0AE7-4347-9EC3-1F1CE586ADC0}.SingleImage|x86.ActiveCfg = Release|x86
		{815BA220-0AE7-4347-9EC3-1F1CE586ADC0}.SingleImage|x86.Build.0 = Release|x86
		{34677221-32E0-4877-BFC9-A4D0AFA98B3B}.CD_ROM|Any CPU.ActiveCfg = Debug|Any CPU
		{34677221-32E0-4877-BFC9-A4D0AFA98B3B}.CD_ROM|Any CPU.Build.0 = Debug|Any CPU
		{34677221-32E0-4877-BFC9-A4D0AFA98B3B}.CD_ROM|x64.ActiveCfg = Debug|Any CPU
		{34677221-32E0-4877-BFC9-A4D0AFA98B3B}.CD_ROM|x64.Build.0 = Debug|Any CPU
		{34677221-32E0-4877-BFC9-A4D0AFA98B3B}.CD_ROM|x86.ActiveCfg = Debug|Any CPU
		{34677221-32E0-4877-BFC9-A4D0AFA98B3B}.CD_ROM|x86.Build.0 = Debug|Any CPU
		{34677221-32E0-4877-BFC9-A4D0AFA98B3B}.Debug|Any CPU.ActiveCfg = Debug|Any CPU
		{34677221-32E0-4877-BFC9-A4D0AFA98B3B}.Debug|Any CPU.Build.0 = Debug|Any CPU
		{34677221-32E0-4877-BFC9-A4D0AFA98B3B}.Debug|x64.ActiveCfg = Debug|Any CPU
		{34677221-32E0-4877-BFC9-A4D0AFA98B3B}.Debug|x64.Build.0 = Debug|Any CPU
		{34677221-32E0-4877-BFC9-A4D0AFA98B3B}.Debug|x86.ActiveCfg = Debug|x86
		{34677221-32E0-4877-BFC9-A4D0AFA98B3B}.Debug|x86.Build.0 = Debug|x86
		{34677221-32E0-4877-BFC9-A4D0AFA98B3B}.DVD-5|Any CPU.ActiveCfg = Debug|Any CPU
		{34677221-32E0-4877-BFC9-A4D0AFA98B3B}.DVD-5|Any CPU.Build.0 = Debug|Any CPU
		{34677221-32E0-4877-BFC9-A4D0AFA98B3B}.DVD-5|x64.ActiveCfg = Debug|Any CPU
		{34677221-32E0-4877-BFC9-A4D0AFA98B3B}.DVD-5|x64.Build.0 = Debug|Any CPU
		{34677221-32E0-4877-BFC9-A4D0AFA98B3B}.DVD-5|x86.ActiveCfg = Debug|Any CPU
		{34677221-32E0-4877-BFC9-A4D0AFA98B3B}.DVD-5|x86.Build.0 = Debug|Any CPU
		{34677221-32E0-4877-BFC9-A4D0AFA98B3B}.Release|Any CPU.ActiveCfg = Release|Any CPU
		{34677221-32E0-4877-BFC9-A4D0AFA98B3B}.Release|Any CPU.Build.0 = Release|Any CPU
		{34677221-32E0-4877-BFC9-A4D0AFA98B3B}.Release|x64.ActiveCfg = Release|Any CPU
		{34677221-32E0-4877-BFC9-A4D0AFA98B3B}.Release|x64.Build.0 = Release|Any CPU
		{34677221-32E0-4877-BFC9-A4D0AFA98B3B}.Release|x86.ActiveCfg = Release|Any CPU
		{34677221-32E0-4877-BFC9-A4D0AFA98B3B}.Release|x86.Build.0 = Release|Any CPU
		{34677221-32E0-4877-BFC9-A4D0AFA98B3B}.SingleImage|Any CPU.ActiveCfg = Debug|Any CPU
		{34677221-32E0-4877-BFC9-A4D0AFA98B3B}.SingleImage|Any CPU.Build.0 = Debug|Any CPU
		{34677221-32E0-4877-BFC9-A4D0AFA98B3B}.SingleImage|x64.ActiveCfg = Debug|Any CPU
		{34677221-32E0-4877-BFC9-A4D0AFA98B3B}.SingleImage|x64.Build.0 = Debug|Any CPU
		{34677221-32E0-4877-BFC9-A4D0AFA98B3B}.SingleImage|x86.ActiveCfg = Debug|Any CPU
		{34677221-32E0-4877-BFC9-A4D0AFA98B3B}.SingleImage|x86.Build.0 = Debug|Any CPU
	EndGlobalSection
	GlobalSection(SolutionProperties) = preSolution
		HideSolutionNode = FALSE
	EndGlobalSection
	GlobalSection(ExtensibilityGlobals) = postSolution
		SolutionGuid = {1681C1C1-EA9A-414B-9AE7-07B39BF34184}
	EndGlobalSection
EndGlobal
